{
  "name": "botao",
  "lockfileVersion": 2,
  "requires": true,
  "packages": {
    "": {
      "dependencies": {
        "array-buffer-to-hex": "^1.0.0",
        "bindings": "^1.5.0",
        "bluetooth": "^0.0.0",
        "bluetooth-serial-port": "^3.0.2",
        "noble": "^0.0.2",
        "node-ble": "^0.0.0"
      }
    },
    "node_modules/@types/node": {
      "version": "18.15.11",
      "resolved": "https://registry.npmjs.org/@types/node/-/node-18.15.11.tgz",
      "integrity": "sha512-E5Kwq2n4SbMzQOn6wnmBjuK9ouqlURrcZDVfbo9ftDDTFt3nk7ZKK4GMOzoYgnpQJKcxwQw+lGaBvvlMo0qN/Q==",
      "optional": true
    },
    "node_modules/array-buffer-to-hex": {
      "version": "1.0.0",
      "resolved": "https://registry.npmjs.org/array-buffer-to-hex/-/array-buffer-to-hex-1.0.0.tgz",
      "integrity": "sha512-arycdkxgK1cj6s03GDb96tlCxOl1n3kg9M2OHseUc6Pqyqp+lgfceFPmG507eI5V+oxOSEnlOw/dFc7LXBXF4Q=="
    },
    "node_modules/bindings": {
      "version": "1.5.0",
      "resolved": "https://registry.npmjs.org/bindings/-/bindings-1.5.0.tgz",
      "integrity": "sha512-p2q/t/mhvuOj/UeLlV6566GD/guowlr0hHxClI0W9m7MWYkL1F0hLo+0Aexs9HSPCtR1SXQ0TD3MMKrXZajbiQ==",
      "dependencies": {
        "file-uri-to-path": "1.0.0"
      }
    },
    "node_modules/bluetooth": {
      "version": "0.0.0",
      "resolved": "https://registry.npmjs.org/bluetooth/-/bluetooth-0.0.0.tgz",
      "integrity": "sha512-k3NIj/b/3VowYmfcuSEhMhO/PSerdpr4oqNKGpDEyTGCLO1627ISo9aIIDMgsLOuByYVoozu6EuQvZJxdxGK/A=="
    },
    "node_modules/bluetooth-serial-port": {
      "version": "3.0.2",
      "resolved": "https://registry.npmjs.org/bluetooth-serial-port/-/bluetooth-serial-port-3.0.2.tgz",
      "integrity": "sha512-gvxrOoL4POPz7Vd3FUPkVqu3jkR7iAnBfmpSA7HzZ4FTfOki6SEndj8KNYW9Ghqbdn75oXREB7KpN8MWiY4G3A==",
      "hasInstallScript": true,
      "os": [
        "linux",
        "win32"
      ],
      "dependencies": {
        "bindings": "1.5.x",
        "nan": "2.17.x",
        "stable": "^0.1.8"
      },
      "engines": {
        "node": ">= 16.x",
        "npm": ">= 8.x"
      },
      "optionalDependencies": {
        "@types/node": "^18.0.0"
      }
    },
    "node_modules/file-uri-to-path": {
      "version": "1.0.0",
      "resolved": "https://registry.npmjs.org/file-uri-to-path/-/file-uri-to-path-1.0.0.tgz",
      "integrity": "sha512-0Zt+s3L7Vf1biwWZ29aARiVYLx7iMGnEUl9x33fbB/j3jR81u/O2LbqK+Bm1CDSNDKVtJ/YjwY7TUd5SkeLQLw=="
    },
    "node_modules/nan": {
      "version": "2.17.0",
      "resolved": "https://registry.npmjs.org/nan/-/nan-2.17.0.tgz",
      "integrity": "sha512-2ZTgtl0nJsO0KQCjEpxcIr5D+Yv90plTitZt9JBfQvVJDS5seMl3FOvsh3+9CoYWXf/1l5OaZzzF6nDm4cagaQ=="
    },
    "node_modules/noble": {
      "version": "0.0.2",
      "resolved": "https://registry.npmjs.org/noble/-/noble-0.0.2.tgz",
      "integrity": "sha512-Rd7KvC7uh5th5BSkdMvCv7OCM8ZvHu8oT2GiJiC+xFd5iijbmKA6cT261ZN0o1p++7NHXJa1LccWrN5p1fCqrQ==",
      "hasInstallScript": true,
      "engines": {
        "node": "0.8.x"
      }
    },
    "node_modules/node-ble": {
      "version": "0.0.0",
      "resolved": "https://registry.npmjs.org/node-ble/-/node-ble-0.0.0.tgz",
      "integrity": "sha512-eY/HxeU2txRhtCrucUt/oU0U3+GgyQWHlZYvFkuISDLBbE3aJa/GzJx0XMtTSesDICZbITDMbPdiq/ACa0LMhw=="
    },
    "node_modules/stable": {
      "version": "0.1.8",
      "resolved": "https://registry.npmjs.org/stable/-/stable-0.1.8.tgz",
      "integrity": "sha512-ji9qxRnOVfcuLDySj9qzhGSEFVobyt1kIOSkj1qZzYLzq7Tos/oUUWvotUPQLlrsidqsK6tBH89Bc9kL5zHA6w==",
      "deprecated": "Modern JS already guarantees Array#sort() is a stable sort, so this library is deprecated. See the compatibility table on MDN: https://developer.mozilla.org/en-US/docs/Web/JavaScript/Reference/Global_Objects/Array/sort#browser_compatibility"
    }
  },
  "dependencies": {
    "@types/node": {
      "version": "18.15.11",
      "resolved": "https://registry.npmjs.org/@types/node/-/node-18.15.11.tgz",
      "integrity": "sha512-E5Kwq2n4SbMzQOn6wnmBjuK9ouqlURrcZDVfbo9ftDDTFt3nk7ZKK4GMOzoYgnpQJKcxwQw+lGaBvvlMo0qN/Q==",
      "optional": true
    },
    "array-buffer-to-hex": {
      "version": "1.0.0",
      "resolved": "https://registry.npmjs.org/array-buffer-to-hex/-/array-buffer-to-hex-1.0.0.tgz",
      "integrity": "sha512-arycdkxgK1cj6s03GDb96tlCxOl1n3kg9M2OHseUc6Pqyqp+lgfceFPmG507eI5V+oxOSEnlOw/dFc7LXBXF4Q=="
    },
    "bindings": {
      "version": "1.5.0",
      "resolved": "https://registry.npmjs.org/bindings/-/bindings-1.5.0.tgz",
      "integrity": "sha512-p2q/t/mhvuOj/UeLlV6566GD/guowlr0hHxClI0W9m7MWYkL1F0hLo+0Aexs9HSPCtR1SXQ0TD3MMKrXZajbiQ==",
      "requires": {
        "file-uri-to-path": "1.0.0"
      }
    },
    "bluetooth": {
      "version": "0.0.0",
      "resolved": "https://registry.npmjs.org/bluetooth/-/bluetooth-0.0.0.tgz",
      "integrity": "sha512-k3NIj/b/3VowYmfcuSEhMhO/PSerdpr4oqNKGpDEyTGCLO1627ISo9aIIDMgsLOuByYVoozu6EuQvZJxdxGK/A=="
    },
    "bluetooth-serial-port": {
      "version": "3.0.2",
      "resolved": "https://registry.npmjs.org/bluetooth-serial-port/-/bluetooth-serial-port-3.0.2.tgz",
      "integrity": "sha512-gvxrOoL4POPz7Vd3FUPkVqu3jkR7iAnBfmpSA7HzZ4FTfOki6SEndj8KNYW9Ghqbdn75oXREB7KpN8MWiY4G3A==",
      "requires": {
        "@types/node": "^18.0.0",
        "bindings": "1.5.x",
        "nan": "2.17.x",
        "stable": "^0.1.8"
      }
    },
    "file-uri-to-path": {
      "version": "1.0.0",
      "resolved": "https://registry.npmjs.org/file-uri-to-path/-/file-uri-to-path-1.0.0.tgz",
      "integrity": "sha512-0Zt+s3L7Vf1biwWZ29aARiVYLx7iMGnEUl9x33fbB/j3jR81u/O2LbqK+Bm1CDSNDKVtJ/YjwY7TUd5SkeLQLw=="
    },
    "nan": {
      "version": "2.17.0",
      "resolved": "https://registry.npmjs.org/nan/-/nan-2.17.0.tgz",
      "integrity": "sha512-2ZTgtl0nJsO0KQCjEpxcIr5D+Yv90plTitZt9JBfQvVJDS5seMl3FOvsh3+9CoYWXf/1l5OaZzzF6nDm4cagaQ=="
    },
    "noble": {
      "version": "0.0.2",
      "resolved": "https://registry.npmjs.org/noble/-/noble-0.0.2.tgz",
      "integrity": "sha512-Rd7KvC7uh5th5BSkdMvCv7OCM8ZvHu8oT2GiJiC+xFd5iijbmKA6cT261ZN0o1p++7NHXJa1LccWrN5p1fCqrQ=="
    },
    "node-ble": {
      "version": "0.0.0",
      "resolved": "https://registry.npmjs.org/node-ble/-/node-ble-0.0.0.tgz",
      "integrity": "sha512-eY/HxeU2txRhtCrucUt/oU0U3+GgyQWHlZYvFkuISDLBbE3aJa/GzJx0XMtTSesDICZbITDMbPdiq/ACa0LMhw=="
    },
    "stable": {
      "version": "0.1.8",
      "resolved": "https://registry.npmjs.org/stable/-/stable-0.1.8.tgz",
      "integrity": "sha512-ji9qxRnOVfcuLDySj9qzhGSEFVobyt1kIOSkj1qZzYLzq7Tos/oUUWvotUPQLlrsidqsK6tBH89Bc9kL5zHA6w=="
    }
  }
}
